
Microsoft Visual Studio Solution File, Format Version 12.00
# Visual Studio Version 16
VisualStudioVersion = 16.0.29326.143
MinimumVisualStudioVersion = 10.0.40219.1
Project("{888888A0-9F3D-457C-B088-3A5042F75D52}") = "Курсач2", "Курсач2\Курсач2.pyproj", "{2A7FF0DF-57BF-4114-AFF2-E91104B744FF}"
EndProject
Global
	GlobalSection(SolutionConfigurationPlatforms) = preSolution
		Debug|Any CPU = Debug|Any CPU
		Release|Any CPU = Release|Any CPU
	EndGlobalSection
	GlobalSection(ProjectConfigurationPlatforms) = postSolution
		{2A7FF0DF-57BF-4114-AFF2-E91104B744FF}.Debug|Any CPU.ActiveCfg = Debug|Any CPU
		{2A7FF0DF-57BF-4114-AFF2-E91104B744FF}.Release|Any CPU.ActiveCfg = Release|Any CPU
	EndGlobalSection
	GlobalSection(SolutionProperties) = preSolution
		HideSolutionNode = FALSE
	EndGlobalSection
	GlobalSection(ExtensibilityGlobals) = postSolution
		SolutionGuid = {D4A7B871-9393-461C-9A0D-3F481A2CF4D6}
	EndGlobalSection
EndGlobal
